
Microsoft Visual Studio Solution File, Format Version 12.00
# Visual Studio Version 16
VisualStudioVersion = 25.0.1700.0
MinimumVisualStudioVersion = 10.0.40219.1
Project("{FAE04EC0-301F-11D3-BF4B-00C04F79EFBC}") = "SimpleCalculator", "SimpleCalculator\SimpleCalculator.csproj", "{2CAAE4F8-105C-429B-96CB-42E680FC1982}"
EndProject
Project("{FAE04EC0-301F-11D3-BF4B-00C04F79EFBC}") = "SimpleCalculator.Tests", "SimpleCalculator.Tests\SimpleCalculator.Tests.csproj", "{9E85792B-4C71-44BA-8910-B7D30BFBA54B}"
EndProject
Project("{FAE04EC0-301F-11D3-BF4B-00C04F79EFBC}") = "SimpleCalculatorServices", "SimpleCalculatorServices\SimpleCalculatorServices.csproj", "{B16BAA65-5AC8-4B28-AE2C-F642FEDE651A}"
EndProject
Global
	GlobalSection(SolutionConfigurationPlatforms) = preSolution
		Debug|Any CPU = Debug|Any CPU
		Release|Any CPU = Release|Any CPU
	EndGlobalSection
	GlobalSection(ProjectConfigurationPlatforms) = postSolution
		{2CAAE4F8-105C-429B-96CB-42E680FC1982}.Debug|Any CPU.ActiveCfg = Debug|Any CPU
		{2CAAE4F8-105C-429B-96CB-42E680FC1982}.Debug|Any CPU.Build.0 = Debug|Any CPU
		{2CAAE4F8-105C-429B-96CB-42E680FC1982}.Release|Any CPU.ActiveCfg = Release|Any CPU
		{2CAAE4F8-105C-429B-96CB-42E680FC1982}.Release|Any CPU.Build.0 = Release|Any CPU
		{9E85792B-4C71-44BA-8910-B7D30BFBA54B}.Debug|Any CPU.ActiveCfg = Debug|Any CPU
		{9E85792B-4C71-44BA-8910-B7D30BFBA54B}.Debug|Any CPU.Build.0 = Debug|Any CPU
		{9E85792B-4C71-44BA-8910-B7D30BFBA54B}.Release|Any CPU.ActiveCfg = Release|Any CPU
		{9E85792B-4C71-44BA-8910-B7D30BFBA54B}.Release|Any CPU.Build.0 = Release|Any CPU
		{B16BAA65-5AC8-4B28-AE2C-F642FEDE651A}.Debug|Any CPU.ActiveCfg = Debug|Any CPU
		{B16BAA65-5AC8-4B28-AE2C-F642FEDE651A}.Debug|Any CPU.Build.0 = Debug|Any CPU
		{B16BAA65-5AC8-4B28-AE2C-F642FEDE651A}.Release|Any CPU.ActiveCfg = Release|Any CPU
		{B16BAA65-5AC8-4B28-AE2C-F642FEDE651A}.Release|Any CPU.Build.0 = Release|Any CPU
	EndGlobalSection
	GlobalSection(SolutionProperties) = preSolution
		HideSolutionNode = FALSE
	EndGlobalSection
	GlobalSection(ExtensibilityGlobals) = postSolution
		SolutionGuid = {0A084EAF-9A36-450A-95BD-C392684ECB4F}
	EndGlobalSection
EndGlobal
